<?xml version="1.0" encoding="utf-8"?>
<Project ToolsVersion="4.0" xmlns="http://schemas.microsoft.com/developer/msbuild/2003">
  <ItemGroup>
    <Filter Include="Source Files">
      <UniqueIdentifier>{4FC737F1-C7A5-4376-A066-2A32D752A2FF}</UniqueIdentifier>
      <Extensions>cpp;c;cc;cxx;def;odl;idl;hpj;bat;asm;asmx</Extensions>
    </Filter>
    <Filter Include="Header Files">
      <UniqueIdentifier>{93995380-89BD-4b04-88EB-625FBE52EBFB}</UniqueIdentifier>
      <Extensions>h;hpp;hxx;hm;inl;inc;xsd</Extensions>
    </Filter>
    <Filter Include="Resource Files">
      <UniqueIdentifier>{67DA6AB6-F800-4c08-8B7A-83BB121AAD01}</UniqueIdentifier>
      <Extensions>rc;ico;cur;bmp;dlg;rc2;rct;bin;rgs;gif;jpg;jpeg;jpe;resx;tiff;tif;png;wav;mfcribbon-ms</Extensions>
    </Filter>
    <Filter Include="Header Files\opencv">
      <UniqueIdentifier>{801076ee-141b-4be1-b86e-b0f7acbb16a3}</UniqueIdentifier>
    </Filter>
    <Filter Include="Source Files\opencv">
      <UniqueIdentifier>{add87812-1324-4d79-a010-bb0413b01df8}</UniqueIdentifier>
    </Filter>
    <Filter Include="Header Files\math">
      <UniqueIdentifier>{1522dfdb-6ecd-4487-9354-e518510e24df}</UniqueIdentifier>
    </Filter>
    <Filter Include="Source Files\math">
      <UniqueIdentifier>{1be66394-921f-4956-8059-650bebc3c0e5}</UniqueIdentifier>
    </Filter>
  </ItemGroup>
  <ItemGroup>
    <ClCompile Include="main.cpp">
      <Filter>Source Files</Filter>
    </ClCompile>
    <ClCompile Include="MarkerTracker.cpp">
      <Filter>Source Files\opencv</Filter>
    </ClCompile>
    <ClCompile Include="PoseEstimation.cpp">
      <Filter>Source Files\opencv</Filter>
    </ClCompile>
    <ClCompile Include="Tvector.cpp">
      <Filter>Source Files\math</Filter>
    </ClCompile>
  </ItemGroup>
  <ItemGroup>
    <ClInclude Include="ImgLoader.h">
      <Filter>Header Files</Filter>
    </ClInclude>
    <ClInclude Include="globals.h">
      <Filter>Header Files</Filter>
    </ClInclude>
    <ClInclude Include="SpaceObjects.h">
      <Filter>Header Files</Filter>
    </ClInclude>
    <ClInclude Include="MarkerTracker.h">
      <Filter>Header Files\opencv</Filter>
    </ClInclude>
    <ClInclude Include="PoseEstimation.h">
      <Filter>Header Files\opencv</Filter>
    </ClInclude>
    <ClInclude Include="Tvector.h">
      <Filter>Header Files\math</Filter>
    </ClInclude>
    <ClInclude Include="MatrixInverse.h">
      <Filter>Header Files\math</Filter>
    </ClInclude>
  </ItemGroup>
</Project>